
Microsoft Visual Studio Solution File, Format Version 12.00
# Visual Studio 14
VisualStudioVersion = 14.0.25420.1
MinimumVisualStudioVersion = 10.0.40219.1
Project("{2150E333-8FDC-42A3-9474-1A3956D46DE8}") = "src", "src", "{6C2FFA02-BE25-4C9F-AF96-EBEAF9FAB108}"
EndProject
Project("{2150E333-8FDC-42A3-9474-1A3956D46DE8}") = "Solution Items", "Solution Items", "{14E8E357-0327-4733-843D-A8C281A94A88}"
	ProjectSection(SolutionItems) = preProject
		global.json = global.json
	EndProjectSection
EndProject
Project("{8BB2217D-0F2D-49D1-97BC-3654ED321F3B}") = "Twilio", "src\Twilio\Twilio.xproj", "{1CF8FA81-2C4E-4B27-B5AA-9037935ECD76}"
EndProject
Global
	GlobalSection(SolutionConfigurationPlatforms) = preSolution
		Debug|Any CPU = Debug|Any CPU
		Release|Any CPU = Release|Any CPU
	EndGlobalSection
	GlobalSection(ProjectConfigurationPlatforms) = postSolution
		{1CF8FA81-2C4E-4B27-B5AA-9037935ECD76}.Debug|Any CPU.ActiveCfg = Debug|Any CPU
		{1CF8FA81-2C4E-4B27-B5AA-9037935ECD76}.Debug|Any CPU.Build.0 = Debug|Any CPU
		{1CF8FA81-2C4E-4B27-B5AA-9037935ECD76}.Release|Any CPU.ActiveCfg = Release|Any CPU
		{1CF8FA81-2C4E-4B27-B5AA-9037935ECD76}.Release|Any CPU.Build.0 = Release|Any CPU
	EndGlobalSection
	GlobalSection(SolutionProperties) = preSolution
		HideSolutionNode = FALSE
	EndGlobalSection
	GlobalSection(NestedProjects) = preSolution
		{1CF8FA81-2C4E-4B27-B5AA-9037935ECD76} = {6C2FFA02-BE25-4C9F-AF96-EBEAF9FAB108}
	EndGlobalSection
EndGlobal
